
Microsoft Visual Studio Solution File, Format Version 12.00
# Visual Studio 15
VisualStudioVersion = 15.0.28010.2050
MinimumVisualStudioVersion = 10.0.40219.1
Project("{FAE04EC0-301F-11D3-BF4B-00C04F79EFBC}") = "GUI", "GUI\GUI.csproj", "{A00079FA-E210-459E-AB5E-56B87031F582}"
EndProject
Project("{FAE04EC0-301F-11D3-BF4B-00C04F79EFBC}") = "BUS", "BUS\BUS.csproj", "{B546D77C-DD51-47CB-83CA-0ED4BD64A947}"
EndProject
Project("{FAE04EC0-301F-11D3-BF4B-00C04F79EFBC}") = "DAL", "DAL\DAL.csproj", "{8621DFF4-F594-4E83-9712-105CD13E20ED}"
EndProject
Project("{FAE04EC0-301F-11D3-BF4B-00C04F79EFBC}") = "DTO", "DTO\DTO.csproj", "{C4BBD6C8-202F-47A0-8DAE-785EBC60FD5E}"
EndProject
Global
	GlobalSection(SolutionConfigurationPlatforms) = preSolution
		Debug|Any CPU = Debug|Any CPU
		Release|Any CPU = Release|Any CPU
	EndGlobalSection
	GlobalSection(ProjectConfigurationPlatforms) = postSolution
		{A00079FA-E210-459E-AB5E-56B87031F582}.Debug|Any CPU.ActiveCfg = Debug|Any CPU
		{A00079FA-E210-459E-AB5E-56B87031F582}.Debug|Any CPU.Build.0 = Debug|Any CPU
		{A00079FA-E210-459E-AB5E-56B87031F582}.Release|Any CPU.ActiveCfg = Release|Any CPU
		{A00079FA-E210-459E-AB5E-56B87031F582}.Release|Any CPU.Build.0 = Release|Any CPU
		{B546D77C-DD51-47CB-83CA-0ED4BD64A947}.Debug|Any CPU.ActiveCfg = Debug|Any CPU
		{B546D77C-DD51-47CB-83CA-0ED4BD64A947}.Debug|Any CPU.Build.0 = Debug|Any CPU
		{B546D77C-DD51-47CB-83CA-0ED4BD64A947}.Release|Any CPU.ActiveCfg = Release|Any CPU
		{B546D77C-DD51-47CB-83CA-0ED4BD64A947}.Release|Any CPU.Build.0 = Release|Any CPU
		{8621DFF4-F594-4E83-9712-105CD13E20ED}.Debug|Any CPU.ActiveCfg = Debug|Any CPU
		{8621DFF4-F594-4E83-9712-105CD13E20ED}.Debug|Any CPU.Build.0 = Debug|Any CPU
		{8621DFF4-F594-4E83-9712-105CD13E20ED}.Release|Any CPU.ActiveCfg = Release|Any CPU
		{8621DFF4-F594-4E83-9712-105CD13E20ED}.Release|Any CPU.Build.0 = Release|Any CPU
		{C4BBD6C8-202F-47A0-8DAE-785EBC60FD5E}.Debug|Any CPU.ActiveCfg = Debug|Any CPU
		{C4BBD6C8-202F-47A0-8DAE-785EBC60FD5E}.Debug|Any CPU.Build.0 = Debug|Any CPU
		{C4BBD6C8-202F-47A0-8DAE-785EBC60FD5E}.Release|Any CPU.ActiveCfg = Release|Any CPU
		{C4BBD6C8-202F-47A0-8DAE-785EBC60FD5E}.Release|Any CPU.Build.0 = Release|Any CPU
	EndGlobalSection
	GlobalSection(SolutionProperties) = preSolution
		HideSolutionNode = FALSE
	EndGlobalSection
	GlobalSection(ExtensibilityGlobals) = postSolution
		SolutionGuid = {924448BA-F20A-459B-9BF2-FB4AEE67724C}
	EndGlobalSection
EndGlobal
